
Microsoft Visual Studio Solution File, Format Version 12.00
# Visual Studio 15
VisualStudioVersion = 15.0.28307.902
MinimumVisualStudioVersion = 10.0.40219.1
Project("{FAE04EC0-301F-11D3-BF4B-00C04F79EFBC}") = "OpenClosedPrincipleExample", "OpenClosedPrincipleExample\OpenClosedPrincipleExample.csproj", "{27079597-E476-44C8-88B5-A7F4C8C3A538}"
EndProject
Global
	GlobalSection(SolutionConfigurationPlatforms) = preSolution
		Debug|Any CPU = Debug|Any CPU
		Release|Any CPU = Release|Any CPU
	EndGlobalSection
	GlobalSection(ProjectConfigurationPlatforms) = postSolution
		{27079597-E476-44C8-88B5-A7F4C8C3A538}.Debug|Any CPU.ActiveCfg = Debug|Any CPU
		{27079597-E476-44C8-88B5-A7F4C8C3A538}.Debug|Any CPU.Build.0 = Debug|Any CPU
		{27079597-E476-44C8-88B5-A7F4C8C3A538}.Release|Any CPU.ActiveCfg = Release|Any CPU
		{27079597-E476-44C8-88B5-A7F4C8C3A538}.Release|Any CPU.Build.0 = Release|Any CPU
	EndGlobalSection
	GlobalSection(SolutionProperties) = preSolution
		HideSolutionNode = FALSE
	EndGlobalSection
	GlobalSection(ExtensibilityGlobals) = postSolution
		SolutionGuid = {668CBB9B-E3E6-4F3F-8E69-7FC1143E114D}
	EndGlobalSection
EndGlobal
